
Microsoft Visual Studio Solution File, Format Version 12.00
# Visual Studio Version 17
VisualStudioVersion = 17.13.35507.96 d17.13
MinimumVisualStudioVersion = 10.0.40219.1
Project("{FAE04EC0-301F-11D3-BF4B-00C04F79EFBC}") = "CadastroPessoas.API", "CadastroPessoas.API\CadastroPessoas.API.csproj", "{EE7A2EBD-2E81-4ED3-A127-09B5611478FA}"
EndProject
Global
	GlobalSection(SolutionConfigurationPlatforms) = preSolution
		Debug|Any CPU = Debug|Any CPU
		Release|Any CPU = Release|Any CPU
	EndGlobalSection
	GlobalSection(ProjectConfigurationPlatforms) = postSolution
		{EE7A2EBD-2E81-4ED3-A127-09B5611478FA}.Debug|Any CPU.ActiveCfg = Debug|Any CPU
		{EE7A2EBD-2E81-4ED3-A127-09B5611478FA}.Debug|Any CPU.Build.0 = Debug|Any CPU
		{EE7A2EBD-2E81-4ED3-A127-09B5611478FA}.Release|Any CPU.ActiveCfg = Release|Any CPU
		{EE7A2EBD-2E81-4ED3-A127-09B5611478FA}.Release|Any CPU.Build.0 = Release|Any CPU
	EndGlobalSection
	GlobalSection(SolutionProperties) = preSolution
		HideSolutionNode = FALSE
	EndGlobalSection
	GlobalSection(ExtensibilityGlobals) = postSolution
		SolutionGuid = {74AF99EB-BC7A-4C85-898B-B41221D3820E}
	EndGlobalSection
EndGlobal
